// !$*UTF8*$!
{
	archiveVersion = 1;
	classes = {
	};
	objectVersion = 50;
	objects = {

/* Begin PBXBuildFile section */
		411D825826A0AF51005BC64C /* AppDelegate.swift in Sources */ = {isa = PBXBuildFile; fileRef = 411D825726A0AF51005BC64C /* AppDelegate.swift */; };
		411D825A26A0AF51005BC64C /* SceneDelegate.swift in Sources */ = {isa = PBXBuildFile; fileRef = 411D825926A0AF51005BC64C /* SceneDelegate.swift */; };
		411D825F26A0AF51005BC64C /* Main.storyboard in Resources */ = {isa = PBXBuildFile; fileRef = 411D825D26A0AF51005BC64C /* Main.storyboard */; };
		411D826126A0AF54005BC64C /* Assets.xcassets in Resources */ = {isa = PBXBuildFile; fileRef = 411D826026A0AF54005BC64C /* Assets.xcassets */; };
		411D826426A0AF54005BC64C /* LaunchScreen.storyboard in Resources */ = {isa = PBXBuildFile; fileRef = 411D826226A0AF54005BC64C /* LaunchScreen.storyboard */; };
		411D827226A0B063005BC64C /* Meals.swift in Sources */ = {isa = PBXBuildFile; fileRef = 411D827126A0B063005BC64C /* Meals.swift */; };
		411D827426A0B0F3005BC64C /* MealViewController.swift in Sources */ = {isa = PBXBuildFile; fileRef = 411D827326A0B0F3005BC64C /* MealViewController.swift */; };
		411D827626A0B10B005BC64C /* MealDetailViewController.swift in Sources */ = {isa = PBXBuildFile; fileRef = 411D827526A0B10B005BC64C /* MealDetailViewController.swift */; };
/* End PBXBuildFile section */

/* Begin PBXFileReference section */
		411D825426A0AF51005BC64C /* MealsApp.app */ = {isa = PBXFileReference; explicitFileType = wrapper.application; includeInIndex = 0; path = MealsApp.app; sourceTree = BUILT_PRODUCTS_DIR; };
		411D825726A0AF51005BC64C /* AppDelegate.swift */ = {isa = PBXFileReference; lastKnownFileType = sourcecode.swift; path = AppDelegate.swift; sourceTree = "<group>"; };
		411D825926A0AF51005BC64C /* SceneDelegate.swift */ = {isa = PBXFileReference; lastKnownFileType = sourcecode.swift; path = SceneDelegate.swift; sourceTree = "<group>"; };
		411D825E26A0AF51005BC64C /* Base */ = {isa = PBXFileReference; lastKnownFileType = file.storyboard; name = Base; path = Base.lproj/Main.storyboard; sourceTree = "<group>"; };
		411D826026A0AF54005BC64C /* Assets.xcassets */ = {isa = PBXFileReference; lastKnownFileType = folder.assetcatalog; path = Assets.xcassets; sourceTree = "<group>"; };
		411D826326A0AF54005BC64C /* Base */ = {isa = PBXFileReference; lastKnownFileType = file.storyboard; name = Base; path = Base.lproj/LaunchScreen.storyboard; sourceTree = "<group>"; };
		411D826526A0AF54005BC64C /* Info.plist */ = {isa = PBXFileReference; lastKnownFileType = text.plist.xml; path = Info.plist; sourceTree = "<group>"; };
		411D827126A0B063005BC64C /* Meals.swift */ = {isa = PBXFileReference; lastKnownFileType = sourcecode.swift; path = Meals.swift; sourceTree = "<group>"; };
		411D827326A0B0F3005BC64C /* MealViewController.swift */ = {isa = PBXFileReference; lastKnownFileType = sourcecode.swift; path = MealViewController.swift; sourceTree = "<group>"; };
		411D827526A0B10B005BC64C /* MealDetailViewController.swift */ = {isa = PBXFileReference; lastKnownFileType = sourcecode.swift; path = MealDetailViewController.swift; sourceTree = "<group>"; };
/* End PBXFileReference section */

/* Begin PBXFrameworksBuildPhase section */
		411D825126A0AF51005BC64C /* Frameworks */ = {
			isa = PBXFrameworksBuildPhase;
			buildActionMask = 2147483647;
			files = (
			);
			runOnlyForDeploymentPostprocessing = 0;
		};
/* End PBXFrameworksBuildPhase section */

/* Begin PBXGroup section */
		411D824B26A0AF51005BC64C = {
			isa = PBXGroup;
			children = (
				411D825626A0AF51005BC64C /* MealsApp */,
				411D825526A0AF51005BC64C /* Products */,
			);
			sourceTree = "<group>";
		};
		411D825526A0AF51005BC64C /* Products */ = {
			isa = PBXGroup;
			children = (
				411D825426A0AF51005BC64C /* MealsApp.app */,
			);
			name = Products;
			sourceTree = "<group>";
		};
		411D825626A0AF51005BC64C /* MealsApp */ = {
			isa = PBXGroup;
			children = (
				411D826C26A0AF6E005BC64C /* Model */,
				411D826E26A0AF84005BC64C /* Views */,
				411D826D26A0AF75005BC64C /* Controllers */,
				411D826F26A0AF8F005BC64C /* Managers */,
				411D827026A0AF97005BC64C /* Resources */,
				411D826B26A0AF5E005BC64C /* App */,
				411D826026A0AF54005BC64C /* Assets.xcassets */,
				411D826526A0AF54005BC64C /* Info.plist */,
			);
			path = MealsApp;
			sourceTree = "<group>";
		};
		411D826B26A0AF5E005BC64C /* App */ = {
			isa = PBXGroup;
			children = (
				411D825726A0AF51005BC64C /* AppDelegate.swift */,
				411D825926A0AF51005BC64C /* SceneDelegate.swift */,
			);
			path = App;
			sourceTree = "<group>";
		};
		411D826C26A0AF6E005BC64C /* Model */ = {
			isa = PBXGroup;
			children = (
				411D827126A0B063005BC64C /* Meals.swift */,
			);
			path = Model;
			sourceTree = "<group>";
		};
		411D826D26A0AF75005BC64C /* Controllers */ = {
			isa = PBXGroup;
			children = (
				411D827326A0B0F3005BC64C /* MealViewController.swift */,
				411D827526A0B10B005BC64C /* MealDetailViewController.swift */,
			);
			path = Controllers;
			sourceTree = "<group>";
		};
		411D826E26A0AF84005BC64C /* Views */ = {
			isa = PBXGroup;
			children = (
				411D825D26A0AF51005BC64C /* Main.storyboard */,
				411D826226A0AF54005BC64C /* LaunchScreen.storyboard */,
			);
			path = Views;
			sourceTree = "<group>";
		};
		411D826F26A0AF8F005BC64C /* Managers */ = {
			isa = PBXGroup;
			children = (
			);
			path = Managers;
			sourceTree = "<group>";
		};
		411D827026A0AF97005BC64C /* Resources */ = {
			isa = PBXGroup;
			children = (
			);
			path = Resources;
			sourceTree = "<group>";
		};
/* End PBXGroup section */

/* Begin PBXNativeTarget section */
		411D825326A0AF51005BC64C /* MealsApp */ = {
			isa = PBXNativeTarget;
			buildConfigurationList = 411D826826A0AF54005BC64C /* Build configuration list for PBXNativeTarget "MealsApp" */;
			buildPhases = (
				411D825026A0AF51005BC64C /* Sources */,
				411D825126A0AF51005BC64C /* Frameworks */,
				411D825226A0AF51005BC64C /* Resources */,
			);
			buildRules = (
			);
			dependencies = (
			);
			name = MealsApp;
			productName = MealsApp;
			productReference = 411D825426A0AF51005BC64C /* MealsApp.app */;
			productType = "com.apple.product-type.application";
		};
/* End PBXNativeTarget section */

/* Begin PBXProject section */
		411D824C26A0AF51005BC64C /* Project object */ = {
			isa = PBXProject;
			attributes = {
				LastSwiftUpdateCheck = 1250;
				LastUpgradeCheck = 1250;
				TargetAttributes = {
					411D825326A0AF51005BC64C = {
						CreatedOnToolsVersion = 12.5;
					};
				};
			};
			buildConfigurationList = 411D824F26A0AF51005BC64C /* Build configuration list for PBXProject "MealsApp" */;
			compatibilityVersion = "Xcode 9.3";
			developmentRegion = en;
			hasScannedForEncodings = 0;
			knownRegions = (
				en,
				Base,
			);
			mainGroup = 411D824B26A0AF51005BC64C;
			productRefGroup = 411D825526A0AF51005BC64C /* Products */;
			projectDirPath = "";
			projectRoot = "";
			targets = (
				411D825326A0AF51005BC64C /* MealsApp */,
			);
		};
/* End PBXProject section */

/* Begin PBXResourcesBuildPhase section */
		411D825226A0AF51005BC64C /* Resources */ = {
			isa = PBXResourcesBuildPhase;
			buildActionMask = 2147483647;
			files = (
				411D826426A0AF54005BC64C /* LaunchScreen.storyboard in Resources */,
				411D826126A0AF54005BC64C /* Assets.xcassets in Resources */,
				411D825F26A0AF51005BC64C /* Main.storyboard in Resources */,
			);
			runOnlyForDeploymentPostprocessing = 0;
		};
/* End PBXResourcesBuildPhase section */

/* Begin PBXSourcesBuildPhase section */
		411D825026A0AF51005BC64C /* Sources */ = {
			isa = PBXSourcesBuildPhase;
			buildActionMask = 2147483647;
			files = (
				411D827226A0B063005BC64C /* Meals.swift in Sources */,
				411D827426A0B0F3005BC64C /* MealViewController.swift in Sources */,
				411D825826A0AF51005BC64C /* AppDelegate.swift in Sources */,
				411D827626A0B10B005BC64C /* MealDetailViewController.swift in Sources */,
				411D825A26A0AF51005BC64C /* SceneDelegate.swift in Sources */,
			);
			runOnlyForDeploymentPostprocessing = 0;
		};
/* End PBXSourcesBuildPhase section */

/* Begin PBXVariantGroup section */
		411D825D26A0AF51005BC64C /* Main.storyboard */ = {
			isa = PBXVariantGroup;
			children = (
				411D825E26A0AF51005BC64C /* Base */,
			);
			name = Main.storyboard;
			sourceTree = "<group>";
		};
		411D826226A0AF54005BC64C /* LaunchScreen.storyboard */ = {
			isa = PBXVariantGroup;
			children = (
				411D826326A0AF54005BC64C /* Base */,
			);
			name = LaunchScreen.storyboard;
			sourceTree = "<group>";
		};
/* End PBXVariantGroup section */

/* Begin XCBuildConfiguration section */
		411D826626A0AF54005BC64C /* Debug */ = {
			isa = XCBuildConfiguration;
			buildSettings = {
				ALWAYS_SEARCH_USER_PATHS = NO;
				CLANG_ANALYZER_NONNULL = YES;
				CLANG_ANALYZER_NUMBER_OBJECT_CONVERSION = YES_AGGRESSIVE;
				CLANG_CXX_LANGUAGE_STANDARD = "gnu++14";
				CLANG_CXX_LIBRARY = "libc++";
				CLANG_ENABLE_MODULES = YES;
				CLANG_ENABLE_OBJC_ARC = YES;
				CLANG_ENABLE_OBJC_WEAK = YES;
				CLANG_WARN_BLOCK_CAPTURE_AUTORELEASING = YES;
				CLANG_WARN_BOOL_CONVERSION = YES;
				CLANG_WARN_COMMA = YES;
				CLANG_WARN_CONSTANT_CONVERSION = YES;
				CLANG_WARN_DEPRECATED_OBJC_IMPLEMENTATIONS = YES;
				CLANG_WARN_DIRECT_OBJC_ISA_USAGE = YES_ERROR;
				CLANG_WARN_DOCUMENTATION_COMMENTS = YES;
				CLANG_WARN_EMPTY_BODY = YES;
				CLANG_WARN_ENUM_CONVERSION = YES;
				CLANG_WARN_INFINITE_RECURSION = YES;
				CLANG_WARN_INT_CONVERSION = YES;
				CLANG_WARN_NON_LITERAL_NULL_CONVERSION = YES;
				CLANG_WARN_OBJC_IMPLICIT_RETAIN_SELF = YES;
				CLANG_WARN_OBJC_LITERAL_CONVERSION = YES;
				CLANG_WARN_OBJC_ROOT_CLASS = YES_ERROR;
				CLANG_WARN_QUOTED_INCLUDE_IN_FRAMEWORK_HEADER = YES;
				CLANG_WARN_RANGE_LOOP_ANALYSIS = YES;
				CLANG_WARN_STRICT_PROTOTYPES = YES;
				CLANG_WARN_SUSPICIOUS_MOVE = YES;
				CLANG_WARN_UNGUARDED_AVAILABILITY = YES_AGGRESSIVE;
				CLANG_WARN_UNREACHABLE_CODE = YES;
				CLANG_WARN__DUPLICATE_METHOD_MATCH = YES;
				COPY_PHASE_STRIP = NO;
				DEBUG_INFORMATION_FORMAT = dwarf;
				ENABLE_STRICT_OBJC_MSGSEND = YES;
				ENABLE_TESTABILITY = YES;
				GCC_C_LANGUAGE_STANDARD = gnu11;
				GCC_DYNAMIC_NO_PIC = NO;
				GCC_NO_COMMON_BLOCKS = YES;
				GCC_OPTIMIZATION_LEVEL = 0;
				GCC_PREPROCESSOR_DEFINITIONS = (
					"DEBUG=1",
					"$(inherited)",
				);
				GCC_WARN_64_TO_32_BIT_CONVERSION = YES;
				GCC_WARN_ABOUT_RETURN_TYPE = YES_ERROR;
				GCC_WARN_UNDECLARED_SELECTOR = YES;
				GCC_WARN_UNINITIALIZED_AUTOS = YES_AGGRESSIVE;
				GCC_WARN_UNUSED_FUNCTION = YES;
				GCC_WARN_UNUSED_VARIABLE = YES;
				IPHONEOS_DEPLOYMENT_TARGET = 14.5;
				MTL_ENABLE_DEBUG_INFO = INCLUDE_SOURCE;
				MTL_FAST_MATH = YES;
				ONLY_ACTIVE_ARCH = YES;
				SDKROOT = iphoneos;
				SWIFT_ACTIVE_COMPILATION_CONDITIONS = DEBUG;
				SWIFT_OPTIMIZATION_LEVEL = "-Onone";
			};
			name = Debug;
		};
		411D826726A0AF54005BC64C /* Release */ = {
			isa = XCBuildConfiguration;
			buildSettings = {
				ALWAYS_SEARCH_USER_PATHS = NO;
				CLANG_ANALYZER_NONNULL = YES;
				CLANG_ANALYZER_NUMBER_OBJECT_CONVERSION = YES_AGGRESSIVE;
				CLANG_CXX_LANGUAGE_STANDARD = "gnu++14";
				CLANG_CXX_LIBRARY = "libc++";
				CLANG_ENABLE_MODULES = YES;
				CLANG_ENABLE_OBJC_ARC = YES;
				CLANG_ENABLE_OBJC_WEAK = YES;
				CLANG_WARN_BLOCK_CAPTURE_AUTORELEASING = YES;
				CLANG_WARN_BOOL_CONVERSION = YES;
				CLANG_WARN_COMMA = YES;
				CLANG_WARN_CONSTANT_CONVERSION = YES;
				CLANG_WARN_DEPRECATED_OBJC_IMPLEMENTATIONS = YES;
				CLANG_WARN_DIRECT_OBJC_ISA_USAGE = YES_ERROR;
				CLANG_WARN_DOCUMENTATION_COMMENTS = YES;
				CLANG_WARN_EMPTY_BODY = YES;
				CLANG_WARN_ENUM_CONVERSION = YES;
				CLANG_WARN_INFINITE_RECURSION = YES;
				CLANG_WARN_INT_CONVERSION = YES;
				CLANG_WARN_NON_LITERAL_NULL_CONVERSION = YES;
				CLANG_WARN_OBJC_IMPLICIT_RETAIN_SELF = YES;
				CLANG_WARN_OBJC_LITERAL_CONVERSION = YES;
				CLANG_WARN_OBJC_ROOT_CLASS = YES_ERROR;
				CLANG_WARN_QUOTED_INCLUDE_IN_FRAMEWORK_HEADER = YES;
				CLANG_WARN_RANGE_LOOP_ANALYSIS = YES;
				CLANG_WARN_STRICT_PROTOTYPES = YES;
				CLANG_WARN_SUSPICIOUS_MOVE = YES;
				CLANG_WARN_UNGUARDED_AVAILABILITY = YES_AGGRESSIVE;
				CLANG_WARN_UNREACHABLE_CODE = YES;
				CLANG_WARN__DUPLICATE_METHOD_MATCH = YES;
				COPY_PHASE_STRIP = NO;
				DEBUG_INFORMATION_FORMAT = "dwarf-with-dsym";
				ENABLE_NS_ASSERTIONS = NO;
				ENABLE_STRICT_OBJC_MSGSEND = YES;
				GCC_C_LANGUAGE_STANDARD = gnu11;
				GCC_NO_COMMON_BLOCKS = YES;
				GCC_WARN_64_TO_32_BIT_CONVERSION = YES;
				GCC_WARN_ABOUT_RETURN_TYPE = YES_ERROR;
				GCC_WARN_UNDECLARED_SELECTOR = YES;
				GCC_WARN_UNINITIALIZED_AUTOS = YES_AGGRESSIVE;
				GCC_WARN_UNUSED_FUNCTION = YES;
				GCC_WARN_UNUSED_VARIABLE = YES;
				IPHONEOS_DEPLOYMENT_TARGET = 14.5;
				MTL_ENABLE_DEBUG_INFO = NO;
				MTL_FAST_MATH = YES;
				SDKROOT = iphoneos;
				SWIFT_COMPILATION_MODE = wholemodule;
				SWIFT_OPTIMIZATION_LEVEL = "-O";
				VALIDATE_PRODUCT = YES;
			};
			name = Release;
		};
		411D826926A0AF54005BC64C /* Debug */ = {
			isa = XCBuildConfiguration;
			buildSettings = {
				ASSETCATALOG_COMPILER_APPICON_NAME = AppIcon;
				ASSETCATALOG_COMPILER_GLOBAL_ACCENT_COLOR_NAME = AccentColor;
				CODE_SIGN_STYLE = Automatic;
				DEVELOPMENT_TEAM = 5JPN6876WV;
				INFOPLIST_FILE = MealsApp/Info.plist;
				LD_RUNPATH_SEARCH_PATHS = (
					"$(inherited)",
					"@executable_path/Frameworks",
				);
				PRODUCT_BUNDLE_IDENTIFIER = "by.I21-iOS.MealsApp";
				PRODUCT_NAME = "$(TARGET_NAME)";
				SWIFT_VERSION = 5.0;
				TARGETED_DEVICE_FAMILY = "1,2";
			};
			name = Debug;
		};
		411D826A26A0AF54005BC64C /* Release */ = {
			isa = XCBuildConfiguration;
			buildSettings = {
				ASSETCATALOG_COMPILER_APPICON_NAME = AppIcon;
				ASSETCATALOG_COMPILER_GLOBAL_ACCENT_COLOR_NAME = AccentColor;
				CODE_SIGN_STYLE = Automatic;
				DEVELOPMENT_TEAM = 5JPN6876WV;
				INFOPLIST_FILE = MealsApp/Info.plist;
				LD_RUNPATH_SEARCH_PATHS = (
					"$(inherited)",
					"@executable_path/Frameworks",
				);
				PRODUCT_BUNDLE_IDENTIFIER = "by.I21-iOS.MealsApp";
				PRODUCT_NAME = "$(TARGET_NAME)";
				SWIFT_VERSION = 5.0;
				TARGETED_DEVICE_FAMILY = "1,2";
			};
			name = Release;
		};
/* End XCBuildConfiguration section */

/* Begin XCConfigurationList section */
		411D824F26A0AF51005BC64C /* Build configuration list for PBXProject "MealsApp" */ = {
			isa = XCConfigurationList;
			buildConfigurations = (
				411D826626A0AF54005BC64C /* Debug */,
				411D826726A0AF54005BC64C /* Release */,
			);
			defaultConfigurationIsVisible = 0;
			defaultConfigurationName = Release;
		};
		411D826826A0AF54005BC64C /* Build configuration list for PBXNativeTarget "MealsApp" */ = {
			isa = XCConfigurationList;
			buildConfigurations = (
				411D826926A0AF54005BC64C /* Debug */,
				411D826A26A0AF54005BC64C /* Release */,
			);
			defaultConfigurationIsVisible = 0;
			defaultConfigurationName = Release;
		};
/* End XCConfigurationList section */
	};
	rootObject = 411D824C26A0AF51005BC64C /* Project object */;
}
